
Microsoft Visual Studio Solution File, Format Version 12.00
# Visual Studio Version 17
VisualStudioVersion = 17.6.33815.320
MinimumVisualStudioVersion = 10.0.40219.1
Project("{FAE04EC0-301F-11D3-BF4B-00C04F79EFBC}") = "WaiterChefBoss", "WaiterChefBoss\WaiterChefBoss.csproj", "{081C6A6E-1F81-4250-B70C-F90E82603AEF}"
EndProject
Global
	GlobalSection(SolutionConfigurationPlatforms) = preSolution
		Debug|Any CPU = Debug|Any CPU
		Release|Any CPU = Release|Any CPU
	EndGlobalSection
	GlobalSection(ProjectConfigurationPlatforms) = postSolution
		{081C6A6E-1F81-4250-B70C-F90E82603AEF}.Debug|Any CPU.ActiveCfg = Debug|Any CPU
		{081C6A6E-1F81-4250-B70C-F90E82603AEF}.Debug|Any CPU.Build.0 = Debug|Any CPU
		{081C6A6E-1F81-4250-B70C-F90E82603AEF}.Release|Any CPU.ActiveCfg = Release|Any CPU
		{081C6A6E-1F81-4250-B70C-F90E82603AEF}.Release|Any CPU.Build.0 = Release|Any CPU
	EndGlobalSection
	GlobalSection(SolutionProperties) = preSolution
		HideSolutionNode = FALSE
	EndGlobalSection
	GlobalSection(ExtensibilityGlobals) = postSolution
		SolutionGuid = {4E22DB62-2CDF-4802-AA1E-FD856F0B1E9F}
	EndGlobalSection
EndGlobal
